
Microsoft Visual Studio Solution File, Format Version 12.00
# Visual Studio Version 17
VisualStudioVersion = 17.0.31612.314
MinimumVisualStudioVersion = 10.0.40219.1
Project("{FAE04EC0-301F-11D3-BF4B-00C04F79EFBC}") = "SheduleTelegramBot", "SheduleTelegramBot\SheduleTelegramBot.csproj", "{4BB1AA79-370E-4091-AE8F-8D4689AC558E}"
EndProject
Global
	GlobalSection(SolutionConfigurationPlatforms) = preSolution
		Debug|Any CPU = Debug|Any CPU
		Release|Any CPU = Release|Any CPU
	EndGlobalSection
	GlobalSection(ProjectConfigurationPlatforms) = postSolution
		{4BB1AA79-370E-4091-AE8F-8D4689AC558E}.Debug|Any CPU.ActiveCfg = Debug|Any CPU
		{4BB1AA79-370E-4091-AE8F-8D4689AC558E}.Debug|Any CPU.Build.0 = Debug|Any CPU
		{4BB1AA79-370E-4091-AE8F-8D4689AC558E}.Release|Any CPU.ActiveCfg = Release|Any CPU
		{4BB1AA79-370E-4091-AE8F-8D4689AC558E}.Release|Any CPU.Build.0 = Release|Any CPU
	EndGlobalSection
	GlobalSection(SolutionProperties) = preSolution
		HideSolutionNode = FALSE
	EndGlobalSection
	GlobalSection(ExtensibilityGlobals) = postSolution
		SolutionGuid = {7EC3D1E9-41BB-4CE7-B70A-EBA176E76251}
	EndGlobalSection
EndGlobal
